
Microsoft Visual Studio Solution File, Format Version 12.00
# Visual Studio 15
VisualStudioVersion = 15.0.28307.329
MinimumVisualStudioVersion = 10.0.40219.1
Project("{FAE04EC0-301F-11D3-BF4B-00C04F79EFBC}") = "TextEditor", "TextEditor\TextEditor.csproj", "{F08293BD-6E7F-465D-AF3F-73A609CCB314}"
EndProject
Global
	GlobalSection(SolutionConfigurationPlatforms) = preSolution
		Debug|Any CPU = Debug|Any CPU
		Release|Any CPU = Release|Any CPU
	EndGlobalSection
	GlobalSection(ProjectConfigurationPlatforms) = postSolution
		{F08293BD-6E7F-465D-AF3F-73A609CCB314}.Debug|Any CPU.ActiveCfg = Debug|Any CPU
		{F08293BD-6E7F-465D-AF3F-73A609CCB314}.Debug|Any CPU.Build.0 = Debug|Any CPU
		{F08293BD-6E7F-465D-AF3F-73A609CCB314}.Release|Any CPU.ActiveCfg = Release|Any CPU
		{F08293BD-6E7F-465D-AF3F-73A609CCB314}.Release|Any CPU.Build.0 = Release|Any CPU
	EndGlobalSection
	GlobalSection(SolutionProperties) = preSolution
		HideSolutionNode = FALSE
	EndGlobalSection
	GlobalSection(ExtensibilityGlobals) = postSolution
		SolutionGuid = {6B795B94-BB66-4E22-9697-FB3BC74B0059}
	EndGlobalSection
EndGlobal
